
Microsoft Visual Studio Solution File, Format Version 12.00
# Visual Studio Version 16
VisualStudioVersion = 16.0.30907.101
MinimumVisualStudioVersion = 10.0.40219.1
Project("{FAE04EC0-301F-11D3-BF4B-00C04F79EFBC}") = "CodingProblemsCSharp", "CodingProblems\CodingProblemsCSharp.csproj", "{F61E9951-C909-4647-A1C4-28982A34A4A3}"
EndProject
Project("{FAE04EC0-301F-11D3-BF4B-00C04F79EFBC}") = "Tests", "Tests\Tests.csproj", "{8DC81734-424C-48D0-974F-5E3AD9201C07}"
EndProject
Project("{888888A0-9F3D-457C-B088-3A5042F75D52}") = "CodingProblemsPython", "CodingProblemsPython\CodingProblemsPython.pyproj", "{EDA06805-7CC4-4AA6-8A61-0891FD30AA22}"
EndProject
Global
	GlobalSection(SolutionConfigurationPlatforms) = preSolution
		Debug|Any CPU = Debug|Any CPU
		Release|Any CPU = Release|Any CPU
	EndGlobalSection
	GlobalSection(ProjectConfigurationPlatforms) = postSolution
		{F61E9951-C909-4647-A1C4-28982A34A4A3}.Debug|Any CPU.ActiveCfg = Debug|Any CPU
		{F61E9951-C909-4647-A1C4-28982A34A4A3}.Debug|Any CPU.Build.0 = Debug|Any CPU
		{F61E9951-C909-4647-A1C4-28982A34A4A3}.Release|Any CPU.ActiveCfg = Release|Any CPU
		{F61E9951-C909-4647-A1C4-28982A34A4A3}.Release|Any CPU.Build.0 = Release|Any CPU
		{8DC81734-424C-48D0-974F-5E3AD9201C07}.Debug|Any CPU.ActiveCfg = Debug|Any CPU
		{8DC81734-424C-48D0-974F-5E3AD9201C07}.Debug|Any CPU.Build.0 = Debug|Any CPU
		{8DC81734-424C-48D0-974F-5E3AD9201C07}.Release|Any CPU.ActiveCfg = Release|Any CPU
		{8DC81734-424C-48D0-974F-5E3AD9201C07}.Release|Any CPU.Build.0 = Release|Any CPU
		{EDA06805-7CC4-4AA6-8A61-0891FD30AA22}.Debug|Any CPU.ActiveCfg = Debug|Any CPU
		{EDA06805-7CC4-4AA6-8A61-0891FD30AA22}.Release|Any CPU.ActiveCfg = Release|Any CPU
	EndGlobalSection
	GlobalSection(SolutionProperties) = preSolution
		HideSolutionNode = FALSE
	EndGlobalSection
	GlobalSection(ExtensibilityGlobals) = postSolution
		SolutionGuid = {6A3F2211-C194-4682-B326-D7D9C644D158}
	EndGlobalSection
EndGlobal
